
Microsoft Visual Studio Solution File, Format Version 12.00
# Visual Studio 15
VisualStudioVersion = 15.0.28010.2046
MinimumVisualStudioVersion = 10.0.40219.1
Project("{FAE04EC0-301F-11D3-BF4B-00C04F79EFBC}") = "esercizio_sconto", "esercizio_sconto\esercizio_sconto.csproj", "{EC2238BA-D854-45CD-AEE2-7EAFC12719B8}"
EndProject
Global
	GlobalSection(SolutionConfigurationPlatforms) = preSolution
		Debug|Any CPU = Debug|Any CPU
		Release|Any CPU = Release|Any CPU
	EndGlobalSection
	GlobalSection(ProjectConfigurationPlatforms) = postSolution
		{EC2238BA-D854-45CD-AEE2-7EAFC12719B8}.Debug|Any CPU.ActiveCfg = Debug|Any CPU
		{EC2238BA-D854-45CD-AEE2-7EAFC12719B8}.Debug|Any CPU.Build.0 = Debug|Any CPU
		{EC2238BA-D854-45CD-AEE2-7EAFC12719B8}.Release|Any CPU.ActiveCfg = Release|Any CPU
		{EC2238BA-D854-45CD-AEE2-7EAFC12719B8}.Release|Any CPU.Build.0 = Release|Any CPU
	EndGlobalSection
	GlobalSection(SolutionProperties) = preSolution
		HideSolutionNode = FALSE
	EndGlobalSection
	GlobalSection(ExtensibilityGlobals) = postSolution
		SolutionGuid = {2A01398A-F285-47B9-8941-D2043275D8FE}
	EndGlobalSection
EndGlobal
